
Microsoft Visual Studio Solution File, Format Version 12.00
# Visual Studio 14
VisualStudioVersion = 14.0.24720.0
MinimumVisualStudioVersion = 10.0.40219.1
Project("{8BC9CEB8-8B4A-11D0-8D11-00A0C91BC942}") = "BonDriver_SocX", "BonDriver_SocX\BonDriver_SocX.vcxproj", "{6CF22C81-2F19-4D9E-B39A-13AC3EE33A88}"
EndProject
Global
	GlobalSection(SolutionConfigurationPlatforms) = preSolution
		Debug|Win32 = Debug|Win32
		Debug|x64 = Debug|x64
		Release|Win32 = Release|Win32
		Release|x64 = Release|x64
	EndGlobalSection
	GlobalSection(ProjectConfigurationPlatforms) = postSolution
		{6CF22C81-2F19-4D9E-B39A-13AC3EE33A88}.Debug|Win32.ActiveCfg = Debug|Win32
		{6CF22C81-2F19-4D9E-B39A-13AC3EE33A88}.Debug|Win32.Build.0 = Debug|Win32
		{6CF22C81-2F19-4D9E-B39A-13AC3EE33A88}.Debug|x64.ActiveCfg = Debug|x64
		{6CF22C81-2F19-4D9E-B39A-13AC3EE33A88}.Debug|x64.Build.0 = Debug|x64
		{6CF22C81-2F19-4D9E-B39A-13AC3EE33A88}.Release|Win32.ActiveCfg = Release|Win32
		{6CF22C81-2F19-4D9E-B39A-13AC3EE33A88}.Release|Win32.Build.0 = Release|Win32
		{6CF22C81-2F19-4D9E-B39A-13AC3EE33A88}.Release|x64.ActiveCfg = Release|x64
		{6CF22C81-2F19-4D9E-B39A-13AC3EE33A88}.Release|x64.Build.0 = Release|x64
	EndGlobalSection
	GlobalSection(SolutionProperties) = preSolution
		HideSolutionNode = FALSE
	EndGlobalSection
EndGlobal
